
Microsoft Visual Studio Solution File, Format Version 12.00
# Visual Studio Version 17
VisualStudioVersion = 17.9.34526.213
MinimumVisualStudioVersion = 10.0.40219.1
Project("{2150E333-8FDC-42A3-9474-1A3956D46DE8}") = "Apps", "Apps", "{32D99C64-E834-4A9A-87A8-4B5621F7BD23}"
EndProject
Project("{9A19103F-16F7-4668-BE54-9A1E7A4F7556}") = "Mochi.App", "src\Mochi.App\Mochi.App.csproj", "{42E2AA60-959F-435F-9CE1-EC8D1F3BE97B}"
EndProject
Project("{2150E333-8FDC-42A3-9474-1A3956D46DE8}") = "Business", "Business", "{E63A12D2-28C0-46A0-9A61-CA6C2FB28AC8}"
EndProject
Project("{9A19103F-16F7-4668-BE54-9A1E7A4F7556}") = "Mochi.Business", "src\Mochi.Business\Mochi.Business.csproj", "{76B21469-C3F0-4DD4-A3A2-1A1D80241ED5}"
EndProject
Project("{2150E333-8FDC-42A3-9474-1A3956D46DE8}") = "Data", "Data", "{A56462CE-061D-46C3-A027-12FC98CD2CF4}"
EndProject
Project("{2150E333-8FDC-42A3-9474-1A3956D46DE8}") = "Core", "Core", "{1AB42600-4D32-4E96-B4E2-9DCF541ED1ED}"
EndProject
Project("{9A19103F-16F7-4668-BE54-9A1E7A4F7556}") = "Mochi.Core", "src\Mochi.Core\Mochi.Core.csproj", "{5C1261B7-8DF8-4836-8FD4-A78553BFC640}"
EndProject
Project("{9A19103F-16F7-4668-BE54-9A1E7A4F7556}") = "Mochi.Data", "src\Mochi.Data\Mochi.Data.csproj", "{95681100-6820-44B9-8FE1-4B5CBE0AECF1}"
EndProject
Project("{FAE04EC0-301F-11D3-BF4B-00C04F79EFBC}") = "Mochi.Api", "src\Mochi.Api\Mochi.Api.csproj", "{F127B87D-95CC-4D33-9D5E-16C14A42AB74}"
EndProject
Project("{2150E333-8FDC-42A3-9474-1A3956D46DE8}") = "ApiModules", "ApiModules", "{71718A5A-E4B3-4A73-9D2F-88F3B9210CE9}"
EndProject
Project("{9A19103F-16F7-4668-BE54-9A1E7A4F7556}") = "Mochi", "src\Mochi\Mochi.csproj", "{0D18115C-D1FB-4BFD-B380-4D23E90D547A}"
EndProject
Project("{9A19103F-16F7-4668-BE54-9A1E7A4F7556}") = "Mochi.Data.Http", "src\Mochi.Data.Http\Mochi.Data.Http.csproj", "{5200EA63-6574-4C8F-B94A-A140B1C5B1C1}"
EndProject
Global
	GlobalSection(SolutionConfigurationPlatforms) = preSolution
		Debug|Any CPU = Debug|Any CPU
		Release|Any CPU = Release|Any CPU
	EndGlobalSection
	GlobalSection(ProjectConfigurationPlatforms) = postSolution
		{42E2AA60-959F-435F-9CE1-EC8D1F3BE97B}.Debug|Any CPU.ActiveCfg = Debug|Any CPU
		{42E2AA60-959F-435F-9CE1-EC8D1F3BE97B}.Debug|Any CPU.Build.0 = Debug|Any CPU
		{42E2AA60-959F-435F-9CE1-EC8D1F3BE97B}.Release|Any CPU.ActiveCfg = Release|Any CPU
		{42E2AA60-959F-435F-9CE1-EC8D1F3BE97B}.Release|Any CPU.Build.0 = Release|Any CPU
		{76B21469-C3F0-4DD4-A3A2-1A1D80241ED5}.Debug|Any CPU.ActiveCfg = Debug|Any CPU
		{76B21469-C3F0-4DD4-A3A2-1A1D80241ED5}.Debug|Any CPU.Build.0 = Debug|Any CPU
		{76B21469-C3F0-4DD4-A3A2-1A1D80241ED5}.Release|Any CPU.ActiveCfg = Release|Any CPU
		{76B21469-C3F0-4DD4-A3A2-1A1D80241ED5}.Release|Any CPU.Build.0 = Release|Any CPU
		{5C1261B7-8DF8-4836-8FD4-A78553BFC640}.Debug|Any CPU.ActiveCfg = Debug|Any CPU
		{5C1261B7-8DF8-4836-8FD4-A78553BFC640}.Debug|Any CPU.Build.0 = Debug|Any CPU
		{5C1261B7-8DF8-4836-8FD4-A78553BFC640}.Release|Any CPU.ActiveCfg = Release|Any CPU
		{5C1261B7-8DF8-4836-8FD4-A78553BFC640}.Release|Any CPU.Build.0 = Release|Any CPU
		{95681100-6820-44B9-8FE1-4B5CBE0AECF1}.Debug|Any CPU.ActiveCfg = Debug|Any CPU
		{95681100-6820-44B9-8FE1-4B5CBE0AECF1}.Debug|Any CPU.Build.0 = Debug|Any CPU
		{95681100-6820-44B9-8FE1-4B5CBE0AECF1}.Release|Any CPU.ActiveCfg = Release|Any CPU
		{95681100-6820-44B9-8FE1-4B5CBE0AECF1}.Release|Any CPU.Build.0 = Release|Any CPU
		{F127B87D-95CC-4D33-9D5E-16C14A42AB74}.Debug|Any CPU.ActiveCfg = Debug|Any CPU
		{F127B87D-95CC-4D33-9D5E-16C14A42AB74}.Debug|Any CPU.Build.0 = Debug|Any CPU
		{F127B87D-95CC-4D33-9D5E-16C14A42AB74}.Release|Any CPU.ActiveCfg = Release|Any CPU
		{F127B87D-95CC-4D33-9D5E-16C14A42AB74}.Release|Any CPU.Build.0 = Release|Any CPU
		{0D18115C-D1FB-4BFD-B380-4D23E90D547A}.Debug|Any CPU.ActiveCfg = Debug|Any CPU
		{0D18115C-D1FB-4BFD-B380-4D23E90D547A}.Debug|Any CPU.Build.0 = Debug|Any CPU
		{0D18115C-D1FB-4BFD-B380-4D23E90D547A}.Release|Any CPU.ActiveCfg = Release|Any CPU
		{0D18115C-D1FB-4BFD-B380-4D23E90D547A}.Release|Any CPU.Build.0 = Release|Any CPU
		{5200EA63-6574-4C8F-B94A-A140B1C5B1C1}.Debug|Any CPU.ActiveCfg = Debug|Any CPU
		{5200EA63-6574-4C8F-B94A-A140B1C5B1C1}.Debug|Any CPU.Build.0 = Debug|Any CPU
		{5200EA63-6574-4C8F-B94A-A140B1C5B1C1}.Release|Any CPU.ActiveCfg = Release|Any CPU
		{5200EA63-6574-4C8F-B94A-A140B1C5B1C1}.Release|Any CPU.Build.0 = Release|Any CPU
	EndGlobalSection
	GlobalSection(SolutionProperties) = preSolution
		HideSolutionNode = FALSE
	EndGlobalSection
	GlobalSection(NestedProjects) = preSolution
		{42E2AA60-959F-435F-9CE1-EC8D1F3BE97B} = {32D99C64-E834-4A9A-87A8-4B5621F7BD23}
		{76B21469-C3F0-4DD4-A3A2-1A1D80241ED5} = {E63A12D2-28C0-46A0-9A61-CA6C2FB28AC8}
		{5C1261B7-8DF8-4836-8FD4-A78553BFC640} = {1AB42600-4D32-4E96-B4E2-9DCF541ED1ED}
		{95681100-6820-44B9-8FE1-4B5CBE0AECF1} = {A56462CE-061D-46C3-A027-12FC98CD2CF4}
		{F127B87D-95CC-4D33-9D5E-16C14A42AB74} = {32D99C64-E834-4A9A-87A8-4B5621F7BD23}
		{0D18115C-D1FB-4BFD-B380-4D23E90D547A} = {71718A5A-E4B3-4A73-9D2F-88F3B9210CE9}
		{5200EA63-6574-4C8F-B94A-A140B1C5B1C1} = {A56462CE-061D-46C3-A027-12FC98CD2CF4}
	EndGlobalSection
	GlobalSection(ExtensibilityGlobals) = postSolution
		SolutionGuid = {6CCC353C-4E27-4383-BB5A-6339B581835A}
	EndGlobalSection
EndGlobal
